
Microsoft Visual Studio Solution File, Format Version 12.00
# Visual Studio Version 16
VisualStudioVersion = 16.0.29209.62
MinimumVisualStudioVersion = 10.0.40219.1
Project("{FAE04EC0-301F-11D3-BF4B-00C04F79EFBC}") = "Arrays_one_dimension", "Arrays_one_dimension\Arrays_one_dimension.csproj", "{8F473B5A-568D-4FEE-8214-20A7CF4F7DD3}"
EndProject
Global
	GlobalSection(SolutionConfigurationPlatforms) = preSolution
		Debug|Any CPU = Debug|Any CPU
		Release|Any CPU = Release|Any CPU
	EndGlobalSection
	GlobalSection(ProjectConfigurationPlatforms) = postSolution
		{8F473B5A-568D-4FEE-8214-20A7CF4F7DD3}.Debug|Any CPU.ActiveCfg = Debug|Any CPU
		{8F473B5A-568D-4FEE-8214-20A7CF4F7DD3}.Debug|Any CPU.Build.0 = Debug|Any CPU
		{8F473B5A-568D-4FEE-8214-20A7CF4F7DD3}.Release|Any CPU.ActiveCfg = Release|Any CPU
		{8F473B5A-568D-4FEE-8214-20A7CF4F7DD3}.Release|Any CPU.Build.0 = Release|Any CPU
	EndGlobalSection
	GlobalSection(SolutionProperties) = preSolution
		HideSolutionNode = FALSE
	EndGlobalSection
	GlobalSection(ExtensibilityGlobals) = postSolution
		SolutionGuid = {E232D097-A9E2-4EF0-8B7B-83978E83B1F0}
	EndGlobalSection
EndGlobal
